# Generated by Dagger. Pins the images and git refs this workspace uses.
# Any Dagger command may update this file; always commit it with your changes.
# Run `dagger workspace update` to refresh the pinned versions.
[["version","2"]]
["","git-latest",["github.com/dagger/dang-sdk"],"refs/tags/v1.0.1"]
["","git-latest",["github.com/dagger/sdk-helpers",["version","v1"]],"refs/tags/v1.0.4"]
["","git-sha",["github.com/dagger/dang-sdk","collections"],"95593812a766da77e4fbefac1ce57d67c571a539"]
["","git-sha",["github.com/dagger/dang-sdk","refs/tags/v1.0.1"],"6dde4a9ca2cb598bf281ba36778d2428ad53aa48"]
["","git-sha",["github.com/dagger/hello-dagger","HEAD"],"23594901bb41181ec435daf1bf64ee87fa2b1074"]
["","git-sha",["github.com/dagger/sdk-helpers","refs/tags/v1.0.4"],"6c883f657933ecb06ae86d56d9cd1f8785346bb1"]
["","oci-sha",["docker.io/library/node:25-alpine"],"sha256:bdf2cca6fe3dabd014ea60163eca3f0f7015fbd5c7ee1b0e9ccb4ced6eb02ef4"]
["","vanity-url",["https://dagger.io/sdk/helpers"],"https://github.com/dagger/sdk-helpers"]